// !$*UTF8*$!
{
	archiveVersion = 1;
	classes = {
	};
	objectVersion = 50;
	objects = {

/* Begin PBXBuildFile section */
		CB1A9DF42472EAC300946B78 /* PostModel.swift in Sources */ = {isa = PBXBuildFile; fileRef = CB1A9DF32472EAC300946B78 /* PostModel.swift */; };
		CBF53C48246F1D360009A597 /* AppDelegate.swift in Sources */ = {isa = PBXBuildFile; fileRef = CBF53C47246F1D360009A597 /* AppDelegate.swift */; };
		CBF53C4A246F1D360009A597 /* SceneDelegate.swift in Sources */ = {isa = PBXBuildFile; fileRef = CBF53C49246F1D360009A597 /* SceneDelegate.swift */; };
		CBF53C4F246F1D360009A597 /* Main.storyboard in Resources */ = {isa = PBXBuildFile; fileRef = CBF53C4D246F1D360009A597 /* Main.storyboard */; };
		CBF53C51246F1D390009A597 /* Assets.xcassets in Resources */ = {isa = PBXBuildFile; fileRef = CBF53C50246F1D390009A597 /* Assets.xcassets */; };
		CBF53C54246F1D390009A597 /* LaunchScreen.storyboard in Resources */ = {isa = PBXBuildFile; fileRef = CBF53C52246F1D390009A597 /* LaunchScreen.storyboard */; };
		CBF53C63246F25070009A597 /* CloudKit.framework in Frameworks */ = {isa = PBXBuildFile; fileRef = CBF53C62246F25070009A597 /* CloudKit.framework */; };
		CBF53C67246F27B30009A597 /* Cloud.swift in Sources */ = {isa = PBXBuildFile; fileRef = CBF53C66246F27B30009A597 /* Cloud.swift */; };
		CBF53C6A246F28D70009A597 /* PostListViewController.swift in Sources */ = {isa = PBXBuildFile; fileRef = CBF53C69246F28D70009A597 /* PostListViewController.swift */; };
		CBF53C6D246F293B0009A597 /* PostListController.swift in Sources */ = {isa = PBXBuildFile; fileRef = CBF53C6C246F293B0009A597 /* PostListController.swift */; };
/* End PBXBuildFile section */

/* Begin PBXFileReference section */
		CB1A9DF32472EAC300946B78 /* PostModel.swift */ = {isa = PBXFileReference; lastKnownFileType = sourcecode.swift; path = PostModel.swift; sourceTree = "<group>"; };
		CBF53C44246F1D360009A597 /* PostCommentsCloudKit.app */ = {isa = PBXFileReference; explicitFileType = wrapper.application; includeInIndex = 0; path = PostCommentsCloudKit.app; sourceTree = BUILT_PRODUCTS_DIR; };
		CBF53C47246F1D360009A597 /* AppDelegate.swift */ = {isa = PBXFileReference; lastKnownFileType = sourcecode.swift; path = AppDelegate.swift; sourceTree = "<group>"; };
		CBF53C49246F1D360009A597 /* SceneDelegate.swift */ = {isa = PBXFileReference; lastKnownFileType = sourcecode.swift; path = SceneDelegate.swift; sourceTree = "<group>"; };
		CBF53C4E246F1D360009A597 /* Base */ = {isa = PBXFileReference; lastKnownFileType = file.storyboard; name = Base; path = Base.lproj/Main.storyboard; sourceTree = "<group>"; };
		CBF53C50246F1D390009A597 /* Assets.xcassets */ = {isa = PBXFileReference; lastKnownFileType = folder.assetcatalog; path = Assets.xcassets; sourceTree = "<group>"; };
		CBF53C53246F1D390009A597 /* Base */ = {isa = PBXFileReference; lastKnownFileType = file.storyboard; name = Base; path = Base.lproj/LaunchScreen.storyboard; sourceTree = "<group>"; };
		CBF53C55246F1D390009A597 /* Info.plist */ = {isa = PBXFileReference; lastKnownFileType = text.plist.xml; path = Info.plist; sourceTree = "<group>"; };
		CBF53C60246F25020009A597 /* PostCommentsCloudKit.entitlements */ = {isa = PBXFileReference; lastKnownFileType = text.plist.entitlements; path = PostCommentsCloudKit.entitlements; sourceTree = "<group>"; };
		CBF53C62246F25070009A597 /* CloudKit.framework */ = {isa = PBXFileReference; lastKnownFileType = wrapper.framework; name = CloudKit.framework; path = System/Library/Frameworks/CloudKit.framework; sourceTree = SDKROOT; };
		CBF53C66246F27B30009A597 /* Cloud.swift */ = {isa = PBXFileReference; lastKnownFileType = sourcecode.swift; path = Cloud.swift; sourceTree = "<group>"; };
		CBF53C69246F28D70009A597 /* PostListViewController.swift */ = {isa = PBXFileReference; lastKnownFileType = sourcecode.swift; path = PostListViewController.swift; sourceTree = "<group>"; };
		CBF53C6C246F293B0009A597 /* PostListController.swift */ = {isa = PBXFileReference; lastKnownFileType = sourcecode.swift; path = PostListController.swift; sourceTree = "<group>"; };
/* End PBXFileReference section */

/* Begin PBXFrameworksBuildPhase section */
		CBF53C41246F1D350009A597 /* Frameworks */ = {
			isa = PBXFrameworksBuildPhase;
			buildActionMask = 2147483647;
			files = (
				CBF53C63246F25070009A597 /* CloudKit.framework in Frameworks */,
			);
			runOnlyForDeploymentPostprocessing = 0;
		};
/* End PBXFrameworksBuildPhase section */

/* Begin PBXGroup section */
		CBF53C3B246F1D350009A597 = {
			isa = PBXGroup;
			children = (
				CBF53C46246F1D360009A597 /* PostCommentsCloudKit */,
				CBF53C45246F1D360009A597 /* Products */,
				CBF53C61246F25070009A597 /* Frameworks */,
			);
			sourceTree = "<group>";
		};
		CBF53C45246F1D360009A597 /* Products */ = {
			isa = PBXGroup;
			children = (
				CBF53C44246F1D360009A597 /* PostCommentsCloudKit.app */,
			);
			name = Products;
			sourceTree = "<group>";
		};
		CBF53C46246F1D360009A597 /* PostCommentsCloudKit */ = {
			isa = PBXGroup;
			children = (
				CBF53C60246F25020009A597 /* PostCommentsCloudKit.entitlements */,
				CBF53C5C246F1DCC0009A597 /* Application */,
				CBF53C5F246F24AD0009A597 /* Data */,
				CBF53C5D246F1E1E0009A597 /* Screen - Post */,
				CBF53C5E246F1E3E0009A597 /* Screen - Comments */,
				CBF53C52246F1D390009A597 /* LaunchScreen.storyboard */,
				CBF53C4D246F1D360009A597 /* Main.storyboard */,
				CBF53C50246F1D390009A597 /* Assets.xcassets */,
				CBF53C55246F1D390009A597 /* Info.plist */,
			);
			path = PostCommentsCloudKit;
			sourceTree = "<group>";
		};
		CBF53C5C246F1DCC0009A597 /* Application */ = {
			isa = PBXGroup;
			children = (
				CBF53C47246F1D360009A597 /* AppDelegate.swift */,
				CBF53C49246F1D360009A597 /* SceneDelegate.swift */,
			);
			path = Application;
			sourceTree = "<group>";
		};
		CBF53C5D246F1E1E0009A597 /* Screen - Post */ = {
			isa = PBXGroup;
			children = (
				CBF53C68246F28C50009A597 /* View */,
				CBF53C6B246F28DD0009A597 /* Controller */,
			);
			path = "Screen - Post";
			sourceTree = "<group>";
		};
		CBF53C5E246F1E3E0009A597 /* Screen - Comments */ = {
			isa = PBXGroup;
			children = (
			);
			path = "Screen - Comments";
			sourceTree = "<group>";
		};
		CBF53C5F246F24AD0009A597 /* Data */ = {
			isa = PBXGroup;
			children = (
				CBF53C66246F27B30009A597 /* Cloud.swift */,
				CB1A9DF32472EAC300946B78 /* PostModel.swift */,
			);
			path = Data;
			sourceTree = "<group>";
		};
		CBF53C61246F25070009A597 /* Frameworks */ = {
			isa = PBXGroup;
			children = (
				CBF53C62246F25070009A597 /* CloudKit.framework */,
			);
			name = Frameworks;
			sourceTree = "<group>";
		};
		CBF53C68246F28C50009A597 /* View */ = {
			isa = PBXGroup;
			children = (
				CBF53C69246F28D70009A597 /* PostListViewController.swift */,
			);
			path = View;
			sourceTree = "<group>";
		};
		CBF53C6B246F28DD0009A597 /* Controller */ = {
			isa = PBXGroup;
			children = (
				CBF53C6C246F293B0009A597 /* PostListController.swift */,
			);
			path = Controller;
			sourceTree = "<group>";
		};
/* End PBXGroup section */

/* Begin PBXNativeTarget section */
		CBF53C43246F1D350009A597 /* PostCommentsCloudKit */ = {
			isa = PBXNativeTarget;
			buildConfigurationList = CBF53C58246F1D390009A597 /* Build configuration list for PBXNativeTarget "PostCommentsCloudKit" */;
			buildPhases = (
				CBF53C40246F1D350009A597 /* Sources */,
				CBF53C41246F1D350009A597 /* Frameworks */,
				CBF53C42246F1D350009A597 /* Resources */,
				CBF53C5B246F1D470009A597 /* SwiftLint */,
			);
			buildRules = (
			);
			dependencies = (
			);
			name = PostCommentsCloudKit;
			productName = PostCommentsCloudKit;
			productReference = CBF53C44246F1D360009A597 /* PostCommentsCloudKit.app */;
			productType = "com.apple.product-type.application";
		};
/* End PBXNativeTarget section */

/* Begin PBXProject section */
		CBF53C3C246F1D350009A597 /* Project object */ = {
			isa = PBXProject;
			attributes = {
				LastSwiftUpdateCheck = 1140;
				LastUpgradeCheck = 1140;
				ORGANIZATIONNAME = "Zewu Chen";
				TargetAttributes = {
					CBF53C43246F1D350009A597 = {
						CreatedOnToolsVersion = 11.4.1;
					};
				};
			};
			buildConfigurationList = CBF53C3F246F1D350009A597 /* Build configuration list for PBXProject "PostCommentsCloudKit" */;
			compatibilityVersion = "Xcode 9.3";
			developmentRegion = en;
			hasScannedForEncodings = 0;
			knownRegions = (
				en,
				Base,
			);
			mainGroup = CBF53C3B246F1D350009A597;
			productRefGroup = CBF53C45246F1D360009A597 /* Products */;
			projectDirPath = "";
			projectRoot = "";
			targets = (
				CBF53C43246F1D350009A597 /* PostCommentsCloudKit */,
			);
		};
/* End PBXProject section */

/* Begin PBXResourcesBuildPhase section */
		CBF53C42246F1D350009A597 /* Resources */ = {
			isa = PBXResourcesBuildPhase;
			buildActionMask = 2147483647;
			files = (
				CBF53C54246F1D390009A597 /* LaunchScreen.storyboard in Resources */,
				CBF53C51246F1D390009A597 /* Assets.xcassets in Resources */,
				CBF53C4F246F1D360009A597 /* Main.storyboard in Resources */,
			);
			runOnlyForDeploymentPostprocessing = 0;
		};
/* End PBXResourcesBuildPhase section */

/* Begin PBXShellScriptBuildPhase section */
		CBF53C5B246F1D470009A597 /* SwiftLint */ = {
			isa = PBXShellScriptBuildPhase;
			buildActionMask = 2147483647;
			files = (
			);
			inputFileListPaths = (
			);
			inputPaths = (
			);
			name = SwiftLint;
			outputFileListPaths = (
			);
			outputPaths = (
			);
			runOnlyForDeploymentPostprocessing = 0;
			shellPath = /bin/sh;
			shellScript = "if which swiftlint >/dev/null; then\n  swiftlint\nelse\n  echo \"warning: SwiftLint not installed, download from https://github.com/realm/SwiftLint\"\nfi\n";
		};
/* End PBXShellScriptBuildPhase section */

/* Begin PBXSourcesBuildPhase section */
		CBF53C40246F1D350009A597 /* Sources */ = {
			isa = PBXSourcesBuildPhase;
			buildActionMask = 2147483647;
			files = (
				CBF53C6A246F28D70009A597 /* PostListViewController.swift in Sources */,
				CB1A9DF42472EAC300946B78 /* PostModel.swift in Sources */,
				CBF53C48246F1D360009A597 /* AppDelegate.swift in Sources */,
				CBF53C67246F27B30009A597 /* Cloud.swift in Sources */,
				CBF53C4A246F1D360009A597 /* SceneDelegate.swift in Sources */,
				CBF53C6D246F293B0009A597 /* PostListController.swift in Sources */,
			);
			runOnlyForDeploymentPostprocessing = 0;
		};
/* End PBXSourcesBuildPhase section */

/* Begin PBXVariantGroup section */
		CBF53C4D246F1D360009A597 /* Main.storyboard */ = {
			isa = PBXVariantGroup;
			children = (
				CBF53C4E246F1D360009A597 /* Base */,
			);
			name = Main.storyboard;
			sourceTree = "<group>";
		};
		CBF53C52246F1D390009A597 /* LaunchScreen.storyboard */ = {
			isa = PBXVariantGroup;
			children = (
				CBF53C53246F1D390009A597 /* Base */,
			);
			name = LaunchScreen.storyboard;
			sourceTree = "<group>";
		};
/* End PBXVariantGroup section */

/* Begin XCBuildConfiguration section */
		CBF53C56246F1D390009A597 /* Debug */ = {
			isa = XCBuildConfiguration;
			buildSettings = {
				ALWAYS_SEARCH_USER_PATHS = NO;
				CLANG_ANALYZER_NONNULL = YES;
				CLANG_ANALYZER_NUMBER_OBJECT_CONVERSION = YES_AGGRESSIVE;
				CLANG_CXX_LANGUAGE_STANDARD = "gnu++14";
				CLANG_CXX_LIBRARY = "libc++";
				CLANG_ENABLE_MODULES = YES;
				CLANG_ENABLE_OBJC_ARC = YES;
				CLANG_ENABLE_OBJC_WEAK = YES;
				CLANG_WARN_BLOCK_CAPTURE_AUTORELEASING = YES;
				CLANG_WARN_BOOL_CONVERSION = YES;
				CLANG_WARN_COMMA = YES;
				CLANG_WARN_CONSTANT_CONVERSION = YES;
				CLANG_WARN_DEPRECATED_OBJC_IMPLEMENTATIONS = YES;
				CLANG_WARN_DIRECT_OBJC_ISA_USAGE = YES_ERROR;
				CLANG_WARN_DOCUMENTATION_COMMENTS = YES;
				CLANG_WARN_EMPTY_BODY = YES;
				CLANG_WARN_ENUM_CONVERSION = YES;
				CLANG_WARN_INFINITE_RECURSION = YES;
				CLANG_WARN_INT_CONVERSION = YES;
				CLANG_WARN_NON_LITERAL_NULL_CONVERSION = YES;
				CLANG_WARN_OBJC_IMPLICIT_RETAIN_SELF = YES;
				CLANG_WARN_OBJC_LITERAL_CONVERSION = YES;
				CLANG_WARN_OBJC_ROOT_CLASS = YES_ERROR;
				CLANG_WARN_RANGE_LOOP_ANALYSIS = YES;
				CLANG_WARN_STRICT_PROTOTYPES = YES;
				CLANG_WARN_SUSPICIOUS_MOVE = YES;
				CLANG_WARN_UNGUARDED_AVAILABILITY = YES_AGGRESSIVE;
				CLANG_WARN_UNREACHABLE_CODE = YES;
				CLANG_WARN__DUPLICATE_METHOD_MATCH = YES;
				COPY_PHASE_STRIP = NO;
				DEBUG_INFORMATION_FORMAT = dwarf;
				ENABLE_STRICT_OBJC_MSGSEND = YES;
				ENABLE_TESTABILITY = YES;
				GCC_C_LANGUAGE_STANDARD = gnu11;
				GCC_DYNAMIC_NO_PIC = NO;
				GCC_NO_COMMON_BLOCKS = YES;
				GCC_OPTIMIZATION_LEVEL = 0;
				GCC_PREPROCESSOR_DEFINITIONS = (
					"DEBUG=1",
					"$(inherited)",
				);
				GCC_WARN_64_TO_32_BIT_CONVERSION = YES;
				GCC_WARN_ABOUT_RETURN_TYPE = YES_ERROR;
				GCC_WARN_UNDECLARED_SELECTOR = YES;
				GCC_WARN_UNINITIALIZED_AUTOS = YES_AGGRESSIVE;
				GCC_WARN_UNUSED_FUNCTION = YES;
				GCC_WARN_UNUSED_VARIABLE = YES;
				IPHONEOS_DEPLOYMENT_TARGET = 13.4;
				MTL_ENABLE_DEBUG_INFO = INCLUDE_SOURCE;
				MTL_FAST_MATH = YES;
				ONLY_ACTIVE_ARCH = YES;
				SDKROOT = iphoneos;
				SWIFT_ACTIVE_COMPILATION_CONDITIONS = DEBUG;
				SWIFT_OPTIMIZATION_LEVEL = "-Onone";
			};
			name = Debug;
		};
		CBF53C57246F1D390009A597 /* Release */ = {
			isa = XCBuildConfiguration;
			buildSettings = {
				ALWAYS_SEARCH_USER_PATHS = NO;
				CLANG_ANALYZER_NONNULL = YES;
				CLANG_ANALYZER_NUMBER_OBJECT_CONVERSION = YES_AGGRESSIVE;
				CLANG_CXX_LANGUAGE_STANDARD = "gnu++14";
				CLANG_CXX_LIBRARY = "libc++";
				CLANG_ENABLE_MODULES = YES;
				CLANG_ENABLE_OBJC_ARC = YES;
				CLANG_ENABLE_OBJC_WEAK = YES;
				CLANG_WARN_BLOCK_CAPTURE_AUTORELEASING = YES;
				CLANG_WARN_BOOL_CONVERSION = YES;
				CLANG_WARN_COMMA = YES;
				CLANG_WARN_CONSTANT_CONVERSION = YES;
				CLANG_WARN_DEPRECATED_OBJC_IMPLEMENTATIONS = YES;
				CLANG_WARN_DIRECT_OBJC_ISA_USAGE = YES_ERROR;
				CLANG_WARN_DOCUMENTATION_COMMENTS = YES;
				CLANG_WARN_EMPTY_BODY = YES;
				CLANG_WARN_ENUM_CONVERSION = YES;
				CLANG_WARN_INFINITE_RECURSION = YES;
				CLANG_WARN_INT_CONVERSION = YES;
				CLANG_WARN_NON_LITERAL_NULL_CONVERSION = YES;
				CLANG_WARN_OBJC_IMPLICIT_RETAIN_SELF = YES;
				CLANG_WARN_OBJC_LITERAL_CONVERSION = YES;
				CLANG_WARN_OBJC_ROOT_CLASS = YES_ERROR;
				CLANG_WARN_RANGE_LOOP_ANALYSIS = YES;
				CLANG_WARN_STRICT_PROTOTYPES = YES;
				CLANG_WARN_SUSPICIOUS_MOVE = YES;
				CLANG_WARN_UNGUARDED_AVAILABILITY = YES_AGGRESSIVE;
				CLANG_WARN_UNREACHABLE_CODE = YES;
				CLANG_WARN__DUPLICATE_METHOD_MATCH = YES;
				COPY_PHASE_STRIP = NO;
				DEBUG_INFORMATION_FORMAT = "dwarf-with-dsym";
				ENABLE_NS_ASSERTIONS = NO;
				ENABLE_STRICT_OBJC_MSGSEND = YES;
				GCC_C_LANGUAGE_STANDARD = gnu11;
				GCC_NO_COMMON_BLOCKS = YES;
				GCC_WARN_64_TO_32_BIT_CONVERSION = YES;
				GCC_WARN_ABOUT_RETURN_TYPE = YES_ERROR;
				GCC_WARN_UNDECLARED_SELECTOR = YES;
				GCC_WARN_UNINITIALIZED_AUTOS = YES_AGGRESSIVE;
				GCC_WARN_UNUSED_FUNCTION = YES;
				GCC_WARN_UNUSED_VARIABLE = YES;
				IPHONEOS_DEPLOYMENT_TARGET = 13.4;
				MTL_ENABLE_DEBUG_INFO = NO;
				MTL_FAST_MATH = YES;
				SDKROOT = iphoneos;
				SWIFT_COMPILATION_MODE = wholemodule;
				SWIFT_OPTIMIZATION_LEVEL = "-O";
				VALIDATE_PRODUCT = YES;
			};
			name = Release;
		};
		CBF53C59246F1D390009A597 /* Debug */ = {
			isa = XCBuildConfiguration;
			buildSettings = {
				ASSETCATALOG_COMPILER_APPICON_NAME = AppIcon;
				CODE_SIGN_ENTITLEMENTS = PostCommentsCloudKit/PostCommentsCloudKit.entitlements;
				CODE_SIGN_STYLE = Automatic;
				DEVELOPMENT_TEAM = DB2793VW42;
				INFOPLIST_FILE = PostCommentsCloudKit/Info.plist;
				LD_RUNPATH_SEARCH_PATHS = (
					"$(inherited)",
					"@executable_path/Frameworks",
				);
				PRODUCT_BUNDLE_IDENTIFIER = ZewuTest;
				PRODUCT_NAME = "$(TARGET_NAME)";
				SWIFT_VERSION = 5.0;
				TARGETED_DEVICE_FAMILY = 1;
			};
			name = Debug;
		};
		CBF53C5A246F1D390009A597 /* Release */ = {
			isa = XCBuildConfiguration;
			buildSettings = {
				ASSETCATALOG_COMPILER_APPICON_NAME = AppIcon;
				CODE_SIGN_ENTITLEMENTS = PostCommentsCloudKit/PostCommentsCloudKit.entitlements;
				CODE_SIGN_STYLE = Automatic;
				DEVELOPMENT_TEAM = DB2793VW42;
				INFOPLIST_FILE = PostCommentsCloudKit/Info.plist;
				LD_RUNPATH_SEARCH_PATHS = (
					"$(inherited)",
					"@executable_path/Frameworks",
				);
				PRODUCT_BUNDLE_IDENTIFIER = ZewuTest;
				PRODUCT_NAME = "$(TARGET_NAME)";
				SWIFT_VERSION = 5.0;
				TARGETED_DEVICE_FAMILY = 1;
			};
			name = Release;
		};
/* End XCBuildConfiguration section */

/* Begin XCConfigurationList section */
		CBF53C3F246F1D350009A597 /* Build configuration list for PBXProject "PostCommentsCloudKit" */ = {
			isa = XCConfigurationList;
			buildConfigurations = (
				CBF53C56246F1D390009A597 /* Debug */,
				CBF53C57246F1D390009A597 /* Release */,
			);
			defaultConfigurationIsVisible = 0;
			defaultConfigurationName = Release;
		};
		CBF53C58246F1D390009A597 /* Build configuration list for PBXNativeTarget "PostCommentsCloudKit" */ = {
			isa = XCConfigurationList;
			buildConfigurations = (
				CBF53C59246F1D390009A597 /* Debug */,
				CBF53C5A246F1D390009A597 /* Release */,
			);
			defaultConfigurationIsVisible = 0;
			defaultConfigurationName = Release;
		};
/* End XCConfigurationList section */
	};
	rootObject = CBF53C3C246F1D350009A597 /* Project object */;
}
